
Microsoft Visual Studio Solution File, Format Version 12.00
# Visual Studio Version 17
VisualStudioVersion = 17.7.34221.43
MinimumVisualStudioVersion = 10.0.40219.1
Project("{FAE04EC0-301F-11D3-BF4B-00C04F79EFBC}") = "PlatformService", "PlatformService\PlatformService.csproj", "{C7D91A7B-23D0-4621-94FB-E7E3287D716F}"
EndProject
Global
	GlobalSection(SolutionConfigurationPlatforms) = preSolution
		Debug|Any CPU = Debug|Any CPU
		Release|Any CPU = Release|Any CPU
	EndGlobalSection
	GlobalSection(ProjectConfigurationPlatforms) = postSolution
		{C7D91A7B-23D0-4621-94FB-E7E3287D716F}.Debug|Any CPU.ActiveCfg = Debug|Any CPU
		{C7D91A7B-23D0-4621-94FB-E7E3287D716F}.Debug|Any CPU.Build.0 = Debug|Any CPU
		{C7D91A7B-23D0-4621-94FB-E7E3287D716F}.Release|Any CPU.ActiveCfg = Release|Any CPU
		{C7D91A7B-23D0-4621-94FB-E7E3287D716F}.Release|Any CPU.Build.0 = Release|Any CPU
	EndGlobalSection
	GlobalSection(SolutionProperties) = preSolution
		HideSolutionNode = FALSE
	EndGlobalSection
	GlobalSection(ExtensibilityGlobals) = postSolution
		SolutionGuid = {EEAE12CA-F270-4BBF-BE63-DEBDB48AA9BE}
	EndGlobalSection
EndGlobal
